// !$*UTF8*$!
{
	archiveVersion = 1;
	classes = {
	};
	objectVersion = 55;
	objects = {

/* Begin PBXBuildFile section */
		ADD20ED62807D1EC005C37C4 /* CombineView.swift in Sources */ = {isa = PBXBuildFile; fileRef = ADD20ED52807D1EC005C37C4 /* CombineView.swift */; };
		ADD20EDB2807D648005C37C4 /* CombineWithAsyncView.swift in Sources */ = {isa = PBXBuildFile; fileRef = ADD20EDA2807D648005C37C4 /* CombineWithAsyncView.swift */; };
		ADD20EDE2807E3D0005C37C4 /* AsyncWithCombineView.swift in Sources */ = {isa = PBXBuildFile; fileRef = ADD20EDD2807E3D0005C37C4 /* AsyncWithCombineView.swift */; };
		ADDBD2ED280698D20005921E /* CombineAsyncApp.swift in Sources */ = {isa = PBXBuildFile; fileRef = ADDBD2EC280698D20005921E /* CombineAsyncApp.swift */; };
		ADDBD2EF280698D20005921E /* ContentView.swift in Sources */ = {isa = PBXBuildFile; fileRef = ADDBD2EE280698D20005921E /* ContentView.swift */; };
		ADDBD2F1280698D40005921E /* Assets.xcassets in Resources */ = {isa = PBXBuildFile; fileRef = ADDBD2F0280698D40005921E /* Assets.xcassets */; };
		ADDBD2F4280698D40005921E /* Preview Assets.xcassets in Resources */ = {isa = PBXBuildFile; fileRef = ADDBD2F3280698D40005921E /* Preview Assets.xcassets */; };
		ADDBD2FC280699320005921E /* NetworkService.swift in Sources */ = {isa = PBXBuildFile; fileRef = ADDBD2FB280699320005921E /* NetworkService.swift */; };
		ADDBD2FF280699730005921E /* DataModel.swift in Sources */ = {isa = PBXBuildFile; fileRef = ADDBD2FE280699730005921E /* DataModel.swift */; };
		ADDBD30528070B580005921E /* HomeView.swift in Sources */ = {isa = PBXBuildFile; fileRef = ADDBD30428070B580005921E /* HomeView.swift */; };
		ADDBD30728070B910005921E /* AsyncawaitView.swift in Sources */ = {isa = PBXBuildFile; fileRef = ADDBD30628070B910005921E /* AsyncawaitView.swift */; };
/* End PBXBuildFile section */

/* Begin PBXFileReference section */
		ADD20ED52807D1EC005C37C4 /* CombineView.swift */ = {isa = PBXFileReference; lastKnownFileType = sourcecode.swift; path = CombineView.swift; sourceTree = "<group>"; };
		ADD20EDA2807D648005C37C4 /* CombineWithAsyncView.swift */ = {isa = PBXFileReference; lastKnownFileType = sourcecode.swift; path = CombineWithAsyncView.swift; sourceTree = "<group>"; };
		ADD20EDD2807E3D0005C37C4 /* AsyncWithCombineView.swift */ = {isa = PBXFileReference; lastKnownFileType = sourcecode.swift; path = AsyncWithCombineView.swift; sourceTree = "<group>"; };
		ADDBD2E9280698D20005921E /* CombineAsync.app */ = {isa = PBXFileReference; explicitFileType = wrapper.application; includeInIndex = 0; path = CombineAsync.app; sourceTree = BUILT_PRODUCTS_DIR; };
		ADDBD2EC280698D20005921E /* CombineAsyncApp.swift */ = {isa = PBXFileReference; lastKnownFileType = sourcecode.swift; path = CombineAsyncApp.swift; sourceTree = "<group>"; };
		ADDBD2EE280698D20005921E /* ContentView.swift */ = {isa = PBXFileReference; lastKnownFileType = sourcecode.swift; path = ContentView.swift; sourceTree = "<group>"; };
		ADDBD2F0280698D40005921E /* Assets.xcassets */ = {isa = PBXFileReference; lastKnownFileType = folder.assetcatalog; path = Assets.xcassets; sourceTree = "<group>"; };
		ADDBD2F3280698D40005921E /* Preview Assets.xcassets */ = {isa = PBXFileReference; lastKnownFileType = folder.assetcatalog; path = "Preview Assets.xcassets"; sourceTree = "<group>"; };
		ADDBD2FB280699320005921E /* NetworkService.swift */ = {isa = PBXFileReference; lastKnownFileType = sourcecode.swift; path = NetworkService.swift; sourceTree = "<group>"; };
		ADDBD2FE280699730005921E /* DataModel.swift */ = {isa = PBXFileReference; lastKnownFileType = sourcecode.swift; path = DataModel.swift; sourceTree = "<group>"; };
		ADDBD30428070B580005921E /* HomeView.swift */ = {isa = PBXFileReference; lastKnownFileType = sourcecode.swift; path = HomeView.swift; sourceTree = "<group>"; };
		ADDBD30628070B910005921E /* AsyncawaitView.swift */ = {isa = PBXFileReference; lastKnownFileType = sourcecode.swift; path = AsyncawaitView.swift; sourceTree = "<group>"; };
/* End PBXFileReference section */

/* Begin PBXFrameworksBuildPhase section */
		ADDBD2E6280698D20005921E /* Frameworks */ = {
			isa = PBXFrameworksBuildPhase;
			buildActionMask = 2147483647;
			files = (
			);
			runOnlyForDeploymentPostprocessing = 0;
		};
/* End PBXFrameworksBuildPhase section */

/* Begin PBXGroup section */
		ADD20ED42807D1E0005C37C4 /* Combine */ = {
			isa = PBXGroup;
			children = (
				ADD20ED52807D1EC005C37C4 /* CombineView.swift */,
			);
			path = Combine;
			sourceTree = "<group>";
		};
		ADD20ED92807D619005C37C4 /* Combine Use Async await */ = {
			isa = PBXGroup;
			children = (
				ADD20EDA2807D648005C37C4 /* CombineWithAsyncView.swift */,
			);
			path = "Combine Use Async await";
			sourceTree = "<group>";
		};
		ADD20EDC2807E3B9005C37C4 /* Async Use Combine */ = {
			isa = PBXGroup;
			children = (
				ADD20EDD2807E3D0005C37C4 /* AsyncWithCombineView.swift */,
			);
			path = "Async Use Combine";
			sourceTree = "<group>";
		};
		ADDBD2E0280698D20005921E = {
			isa = PBXGroup;
			children = (
				ADDBD2EB280698D20005921E /* CombineAsync */,
				ADDBD2EA280698D20005921E /* Products */,
			);
			sourceTree = "<group>";
		};
		ADDBD2EA280698D20005921E /* Products */ = {
			isa = PBXGroup;
			children = (
				ADDBD2E9280698D20005921E /* CombineAsync.app */,
			);
			name = Products;
			sourceTree = "<group>";
		};
		ADDBD2EB280698D20005921E /* CombineAsync */ = {
			isa = PBXGroup;
			children = (
				ADD20EDC2807E3B9005C37C4 /* Async Use Combine */,
				ADD20ED92807D619005C37C4 /* Combine Use Async await */,
				ADD20ED42807D1E0005C37C4 /* Combine */,
				ADDBD30C28070C270005921E /* Async await */,
				ADDBD2FD280699670005921E /* Models */,
				ADDBD2FA280699270005921E /* Services */,
				ADDBD30428070B580005921E /* HomeView.swift */,
				ADDBD2EC280698D20005921E /* CombineAsyncApp.swift */,
				ADDBD2EE280698D20005921E /* ContentView.swift */,
				ADDBD2F0280698D40005921E /* Assets.xcassets */,
				ADDBD2F2280698D40005921E /* Preview Content */,
			);
			path = CombineAsync;
			sourceTree = "<group>";
		};
		ADDBD2F2280698D40005921E /* Preview Content */ = {
			isa = PBXGroup;
			children = (
				ADDBD2F3280698D40005921E /* Preview Assets.xcassets */,
			);
			path = "Preview Content";
			sourceTree = "<group>";
		};
		ADDBD2FA280699270005921E /* Services */ = {
			isa = PBXGroup;
			children = (
				ADDBD2FB280699320005921E /* NetworkService.swift */,
			);
			path = Services;
			sourceTree = "<group>";
		};
		ADDBD2FD280699670005921E /* Models */ = {
			isa = PBXGroup;
			children = (
				ADDBD2FE280699730005921E /* DataModel.swift */,
			);
			path = Models;
			sourceTree = "<group>";
		};
		ADDBD30C28070C270005921E /* Async await */ = {
			isa = PBXGroup;
			children = (
				ADDBD30628070B910005921E /* AsyncawaitView.swift */,
			);
			path = "Async await";
			sourceTree = "<group>";
		};
/* End PBXGroup section */

/* Begin PBXNativeTarget section */
		ADDBD2E8280698D20005921E /* CombineAsync */ = {
			isa = PBXNativeTarget;
			buildConfigurationList = ADDBD2F7280698D40005921E /* Build configuration list for PBXNativeTarget "CombineAsync" */;
			buildPhases = (
				ADDBD2E5280698D20005921E /* Sources */,
				ADDBD2E6280698D20005921E /* Frameworks */,
				ADDBD2E7280698D20005921E /* Resources */,
			);
			buildRules = (
			);
			dependencies = (
			);
			name = CombineAsync;
			productName = CombineAsync;
			productReference = ADDBD2E9280698D20005921E /* CombineAsync.app */;
			productType = "com.apple.product-type.application";
		};
/* End PBXNativeTarget section */

/* Begin PBXProject section */
		ADDBD2E1280698D20005921E /* Project object */ = {
			isa = PBXProject;
			attributes = {
				BuildIndependentTargetsInParallel = 1;
				LastSwiftUpdateCheck = 1320;
				LastUpgradeCheck = 1320;
				TargetAttributes = {
					ADDBD2E8280698D20005921E = {
						CreatedOnToolsVersion = 13.2.1;
					};
				};
			};
			buildConfigurationList = ADDBD2E4280698D20005921E /* Build configuration list for PBXProject "CombineAsync" */;
			compatibilityVersion = "Xcode 13.0";
			developmentRegion = en;
			hasScannedForEncodings = 0;
			knownRegions = (
				en,
				Base,
			);
			mainGroup = ADDBD2E0280698D20005921E;
			productRefGroup = ADDBD2EA280698D20005921E /* Products */;
			projectDirPath = "";
			projectRoot = "";
			targets = (
				ADDBD2E8280698D20005921E /* CombineAsync */,
			);
		};
/* End PBXProject section */

/* Begin PBXResourcesBuildPhase section */
		ADDBD2E7280698D20005921E /* Resources */ = {
			isa = PBXResourcesBuildPhase;
			buildActionMask = 2147483647;
			files = (
				ADDBD2F4280698D40005921E /* Preview Assets.xcassets in Resources */,
				ADDBD2F1280698D40005921E /* Assets.xcassets in Resources */,
			);
			runOnlyForDeploymentPostprocessing = 0;
		};
/* End PBXResourcesBuildPhase section */

/* Begin PBXSourcesBuildPhase section */
		ADDBD2E5280698D20005921E /* Sources */ = {
			isa = PBXSourcesBuildPhase;
			buildActionMask = 2147483647;
			files = (
				ADDBD2EF280698D20005921E /* ContentView.swift in Sources */,
				ADDBD30728070B910005921E /* AsyncawaitView.swift in Sources */,
				ADD20EDB2807D648005C37C4 /* CombineWithAsyncView.swift in Sources */,
				ADD20ED62807D1EC005C37C4 /* CombineView.swift in Sources */,
				ADDBD2FF280699730005921E /* DataModel.swift in Sources */,
				ADD20EDE2807E3D0005C37C4 /* AsyncWithCombineView.swift in Sources */,
				ADDBD30528070B580005921E /* HomeView.swift in Sources */,
				ADDBD2FC280699320005921E /* NetworkService.swift in Sources */,
				ADDBD2ED280698D20005921E /* CombineAsyncApp.swift in Sources */,
			);
			runOnlyForDeploymentPostprocessing = 0;
		};
/* End PBXSourcesBuildPhase section */

/* Begin XCBuildConfiguration section */
		ADDBD2F5280698D40005921E /* Debug */ = {
			isa = XCBuildConfiguration;
			buildSettings = {
				ALWAYS_SEARCH_USER_PATHS = NO;
				CLANG_ANALYZER_NONNULL = YES;
				CLANG_ANALYZER_NUMBER_OBJECT_CONVERSION = YES_AGGRESSIVE;
				CLANG_CXX_LANGUAGE_STANDARD = "gnu++17";
				CLANG_CXX_LIBRARY = "libc++";
				CLANG_ENABLE_MODULES = YES;
				CLANG_ENABLE_OBJC_ARC = YES;
				CLANG_ENABLE_OBJC_WEAK = YES;
				CLANG_WARN_BLOCK_CAPTURE_AUTORELEASING = YES;
				CLANG_WARN_BOOL_CONVERSION = YES;
				CLANG_WARN_COMMA = YES;
				CLANG_WARN_CONSTANT_CONVERSION = YES;
				CLANG_WARN_DEPRECATED_OBJC_IMPLEMENTATIONS = YES;
				CLANG_WARN_DIRECT_OBJC_ISA_USAGE = YES_ERROR;
				CLANG_WARN_DOCUMENTATION_COMMENTS = YES;
				CLANG_WARN_EMPTY_BODY = YES;
				CLANG_WARN_ENUM_CONVERSION = YES;
				CLANG_WARN_INFINITE_RECURSION = YES;
				CLANG_WARN_INT_CONVERSION = YES;
				CLANG_WARN_NON_LITERAL_NULL_CONVERSION = YES;
				CLANG_WARN_OBJC_IMPLICIT_RETAIN_SELF = YES;
				CLANG_WARN_OBJC_LITERAL_CONVERSION = YES;
				CLANG_WARN_OBJC_ROOT_CLASS = YES_ERROR;
				CLANG_WARN_QUOTED_INCLUDE_IN_FRAMEWORK_HEADER = YES;
				CLANG_WARN_RANGE_LOOP_ANALYSIS = YES;
				CLANG_WARN_STRICT_PROTOTYPES = YES;
				CLANG_WARN_SUSPICIOUS_MOVE = YES;
				CLANG_WARN_UNGUARDED_AVAILABILITY = YES_AGGRESSIVE;
				CLANG_WARN_UNREACHABLE_CODE = YES;
				CLANG_WARN__DUPLICATE_METHOD_MATCH = YES;
				COPY_PHASE_STRIP = NO;
				DEBUG_INFORMATION_FORMAT = dwarf;
				ENABLE_STRICT_OBJC_MSGSEND = YES;
				ENABLE_TESTABILITY = YES;
				GCC_C_LANGUAGE_STANDARD = gnu11;
				GCC_DYNAMIC_NO_PIC = NO;
				GCC_NO_COMMON_BLOCKS = YES;
				GCC_OPTIMIZATION_LEVEL = 0;
				GCC_PREPROCESSOR_DEFINITIONS = (
					"DEBUG=1",
					"$(inherited)",
				);
				GCC_WARN_64_TO_32_BIT_CONVERSION = YES;
				GCC_WARN_ABOUT_RETURN_TYPE = YES_ERROR;
				GCC_WARN_UNDECLARED_SELECTOR = YES;
				GCC_WARN_UNINITIALIZED_AUTOS = YES_AGGRESSIVE;
				GCC_WARN_UNUSED_FUNCTION = YES;
				GCC_WARN_UNUSED_VARIABLE = YES;
				IPHONEOS_DEPLOYMENT_TARGET = 15.2;
				MTL_ENABLE_DEBUG_INFO = INCLUDE_SOURCE;
				MTL_FAST_MATH = YES;
				ONLY_ACTIVE_ARCH = YES;
				SDKROOT = iphoneos;
				SWIFT_ACTIVE_COMPILATION_CONDITIONS = DEBUG;
				SWIFT_OPTIMIZATION_LEVEL = "-Onone";
			};
			name = Debug;
		};
		ADDBD2F6280698D40005921E /* Release */ = {
			isa = XCBuildConfiguration;
			buildSettings = {
				ALWAYS_SEARCH_USER_PATHS = NO;
				CLANG_ANALYZER_NONNULL = YES;
				CLANG_ANALYZER_NUMBER_OBJECT_CONVERSION = YES_AGGRESSIVE;
				CLANG_CXX_LANGUAGE_STANDARD = "gnu++17";
				CLANG_CXX_LIBRARY = "libc++";
				CLANG_ENABLE_MODULES = YES;
				CLANG_ENABLE_OBJC_ARC = YES;
				CLANG_ENABLE_OBJC_WEAK = YES;
				CLANG_WARN_BLOCK_CAPTURE_AUTORELEASING = YES;
				CLANG_WARN_BOOL_CONVERSION = YES;
				CLANG_WARN_COMMA = YES;
				CLANG_WARN_CONSTANT_CONVERSION = YES;
				CLANG_WARN_DEPRECATED_OBJC_IMPLEMENTATIONS = YES;
				CLANG_WARN_DIRECT_OBJC_ISA_USAGE = YES_ERROR;
				CLANG_WARN_DOCUMENTATION_COMMENTS = YES;
				CLANG_WARN_EMPTY_BODY = YES;
				CLANG_WARN_ENUM_CONVERSION = YES;
				CLANG_WARN_INFINITE_RECURSION = YES;
				CLANG_WARN_INT_CONVERSION = YES;
				CLANG_WARN_NON_LITERAL_NULL_CONVERSION = YES;
				CLANG_WARN_OBJC_IMPLICIT_RETAIN_SELF = YES;
				CLANG_WARN_OBJC_LITERAL_CONVERSION = YES;
				CLANG_WARN_OBJC_ROOT_CLASS = YES_ERROR;
				CLANG_WARN_QUOTED_INCLUDE_IN_FRAMEWORK_HEADER = YES;
				CLANG_WARN_RANGE_LOOP_ANALYSIS = YES;
				CLANG_WARN_STRICT_PROTOTYPES = YES;
				CLANG_WARN_SUSPICIOUS_MOVE = YES;
				CLANG_WARN_UNGUARDED_AVAILABILITY = YES_AGGRESSIVE;
				CLANG_WARN_UNREACHABLE_CODE = YES;
				CLANG_WARN__DUPLICATE_METHOD_MATCH = YES;
				COPY_PHASE_STRIP = NO;
				DEBUG_INFORMATION_FORMAT = "dwarf-with-dsym";
				ENABLE_NS_ASSERTIONS = NO;
				ENABLE_STRICT_OBJC_MSGSEND = YES;
				GCC_C_LANGUAGE_STANDARD = gnu11;
				GCC_NO_COMMON_BLOCKS = YES;
				GCC_WARN_64_TO_32_BIT_CONVERSION = YES;
				GCC_WARN_ABOUT_RETURN_TYPE = YES_ERROR;
				GCC_WARN_UNDECLARED_SELECTOR = YES;
				GCC_WARN_UNINITIALIZED_AUTOS = YES_AGGRESSIVE;
				GCC_WARN_UNUSED_FUNCTION = YES;
				GCC_WARN_UNUSED_VARIABLE = YES;
				IPHONEOS_DEPLOYMENT_TARGET = 15.2;
				MTL_ENABLE_DEBUG_INFO = NO;
				MTL_FAST_MATH = YES;
				SDKROOT = iphoneos;
				SWIFT_COMPILATION_MODE = wholemodule;
				SWIFT_OPTIMIZATION_LEVEL = "-O";
				VALIDATE_PRODUCT = YES;
			};
			name = Release;
		};
		ADDBD2F8280698D40005921E /* Debug */ = {
			isa = XCBuildConfiguration;
			buildSettings = {
				ASSETCATALOG_COMPILER_APPICON_NAME = AppIcon;
				ASSETCATALOG_COMPILER_GLOBAL_ACCENT_COLOR_NAME = AccentColor;
				CODE_SIGN_STYLE = Automatic;
				CURRENT_PROJECT_VERSION = 1;
				DEVELOPMENT_ASSET_PATHS = "\"CombineAsync/Preview Content\"";
				DEVELOPMENT_TEAM = LHAYGSB5VA;
				ENABLE_PREVIEWS = YES;
				GENERATE_INFOPLIST_FILE = YES;
				INFOPLIST_KEY_UIApplicationSceneManifest_Generation = YES;
				INFOPLIST_KEY_UIApplicationSupportsIndirectInputEvents = YES;
				INFOPLIST_KEY_UILaunchScreen_Generation = YES;
				INFOPLIST_KEY_UISupportedInterfaceOrientations_iPad = "UIInterfaceOrientationPortrait UIInterfaceOrientationPortraitUpsideDown UIInterfaceOrientationLandscapeLeft UIInterfaceOrientationLandscapeRight";
				INFOPLIST_KEY_UISupportedInterfaceOrientations_iPhone = "UIInterfaceOrientationPortrait UIInterfaceOrientationLandscapeLeft UIInterfaceOrientationLandscapeRight";
				LD_RUNPATH_SEARCH_PATHS = (
					"$(inherited)",
					"@executable_path/Frameworks",
				);
				MARKETING_VERSION = 1.0;
				PRODUCT_BUNDLE_IDENTIFIER = com.chr1s78.layout.CombineAsync;
				PRODUCT_NAME = "$(TARGET_NAME)";
				SWIFT_EMIT_LOC_STRINGS = YES;
				SWIFT_VERSION = 5.0;
				TARGETED_DEVICE_FAMILY = "1,2";
			};
			name = Debug;
		};
		ADDBD2F9280698D40005921E /* Release */ = {
			isa = XCBuildConfiguration;
			buildSettings = {
				ASSETCATALOG_COMPILER_APPICON_NAME = AppIcon;
				ASSETCATALOG_COMPILER_GLOBAL_ACCENT_COLOR_NAME = AccentColor;
				CODE_SIGN_STYLE = Automatic;
				CURRENT_PROJECT_VERSION = 1;
				DEVELOPMENT_ASSET_PATHS = "\"CombineAsync/Preview Content\"";
				DEVELOPMENT_TEAM = LHAYGSB5VA;
				ENABLE_PREVIEWS = YES;
				GENERATE_INFOPLIST_FILE = YES;
				INFOPLIST_KEY_UIApplicationSceneManifest_Generation = YES;
				INFOPLIST_KEY_UIApplicationSupportsIndirectInputEvents = YES;
				INFOPLIST_KEY_UILaunchScreen_Generation = YES;
				INFOPLIST_KEY_UISupportedInterfaceOrientations_iPad = "UIInterfaceOrientationPortrait UIInterfaceOrientationPortraitUpsideDown UIInterfaceOrientationLandscapeLeft UIInterfaceOrientationLandscapeRight";
				INFOPLIST_KEY_UISupportedInterfaceOrientations_iPhone = "UIInterfaceOrientationPortrait UIInterfaceOrientationLandscapeLeft UIInterfaceOrientationLandscapeRight";
				LD_RUNPATH_SEARCH_PATHS = (
					"$(inherited)",
					"@executable_path/Frameworks",
				);
				MARKETING_VERSION = 1.0;
				PRODUCT_BUNDLE_IDENTIFIER = com.chr1s78.layout.CombineAsync;
				PRODUCT_NAME = "$(TARGET_NAME)";
				SWIFT_EMIT_LOC_STRINGS = YES;
				SWIFT_VERSION = 5.0;
				TARGETED_DEVICE_FAMILY = "1,2";
			};
			name = Release;
		};
/* End XCBuildConfiguration section */

/* Begin XCConfigurationList section */
		ADDBD2E4280698D20005921E /* Build configuration list for PBXProject "CombineAsync" */ = {
			isa = XCConfigurationList;
			buildConfigurations = (
				ADDBD2F5280698D40005921E /* Debug */,
				ADDBD2F6280698D40005921E /* Release */,
			);
			defaultConfigurationIsVisible = 0;
			defaultConfigurationName = Release;
		};
		ADDBD2F7280698D40005921E /* Build configuration list for PBXNativeTarget "CombineAsync" */ = {
			isa = XCConfigurationList;
			buildConfigurations = (
				ADDBD2F8280698D40005921E /* Debug */,
				ADDBD2F9280698D40005921E /* Release */,
			);
			defaultConfigurationIsVisible = 0;
			defaultConfigurationName = Release;
		};
/* End XCConfigurationList section */
	};
	rootObject = ADDBD2E1280698D20005921E /* Project object */;
}
